
Microsoft Visual Studio Solution File, Format Version 12.00
# Visual Studio Version 17
VisualStudioVersion = 17.7.34031.279
MinimumVisualStudioVersion = 10.0.40219.1
Project("{FAE04EC0-301F-11D3-BF4B-00C04F79EFBC}") = "z8", "z8.csproj", "{CF321D58-2F3E-42C9-8089-ED2FE78B7B31}"
EndProject
Global
	GlobalSection(SolutionConfigurationPlatforms) = preSolution
		Debug|Any CPU = Debug|Any CPU
		Release|Any CPU = Release|Any CPU
	EndGlobalSection
	GlobalSection(ProjectConfigurationPlatforms) = postSolution
		{CF321D58-2F3E-42C9-8089-ED2FE78B7B31}.Debug|Any CPU.ActiveCfg = Debug|Any CPU
		{CF321D58-2F3E-42C9-8089-ED2FE78B7B31}.Debug|Any CPU.Build.0 = Debug|Any CPU
		{CF321D58-2F3E-42C9-8089-ED2FE78B7B31}.Release|Any CPU.ActiveCfg = Release|Any CPU
		{CF321D58-2F3E-42C9-8089-ED2FE78B7B31}.Release|Any CPU.Build.0 = Release|Any CPU
	EndGlobalSection
	GlobalSection(SolutionProperties) = preSolution
		HideSolutionNode = FALSE
	EndGlobalSection
	GlobalSection(ExtensibilityGlobals) = postSolution
		SolutionGuid = {2669C9F3-7355-45EF-ABEE-E6AA7C1681AB}
	EndGlobalSection
EndGlobal
